
Microsoft Visual Studio Solution File, Format Version 12.00
# Visual Studio Version 16
VisualStudioVersion = 16.0.31515.178
MinimumVisualStudioVersion = 10.0.40219.1
Project("{888888A0-9F3D-457C-B088-3A5042F75D52}") = "Cis261 wk7 Phase 3", "Cis261 wk7 Phase 3.pyproj", "{C4D6FB74-F528-4EF7-97D8-680BB794D3F7}"
EndProject
Global
	GlobalSection(SolutionConfigurationPlatforms) = preSolution
		Debug|Any CPU = Debug|Any CPU
		Release|Any CPU = Release|Any CPU
	EndGlobalSection
	GlobalSection(ProjectConfigurationPlatforms) = postSolution
		{C4D6FB74-F528-4EF7-97D8-680BB794D3F7}.Debug|Any CPU.ActiveCfg = Debug|Any CPU
		{C4D6FB74-F528-4EF7-97D8-680BB794D3F7}.Release|Any CPU.ActiveCfg = Release|Any CPU
	EndGlobalSection
	GlobalSection(SolutionProperties) = preSolution
		HideSolutionNode = FALSE
	EndGlobalSection
	GlobalSection(ExtensibilityGlobals) = postSolution
		SolutionGuid = {6A6C486A-315A-4B17-BE8A-5FAAF8A4CB88}
	EndGlobalSection
EndGlobal
